{
  "name": "ttssystem",
  "version": "1.0.0",
  "lockfileVersion": 3,
  "requires": true,
  "packages": {
    "": {
      "name": "ttssystem",
      "version": "1.0.0",
      "license": "ISC",
      "dependencies": {
        "ngram": "^0.0.3"
      }
    },
    "node_modules/ngram": {
      "version": "0.0.3",
      "resolved": "https://registry.npmjs.org/ngram/-/ngram-0.0.3.tgz",
      "integrity": "sha512-1OnSG69Amhzr+JgxPf6kkOim4m+yDu6202a/taHVsPKyKl+8t1tPA+LUXWPt0C/+QQz192hLW3e8HJtZD7qHgA==",
      "engines": {
        "node": "*"
      }
    }
  }
}
